
Microsoft Visual Studio Solution File, Format Version 12.00
# Visual Studio Version 17
VisualStudioVersion = 17.13.35825.156 d17.13
MinimumVisualStudioVersion = 10.0.40219.1
Project("{FAE04EC0-301F-11D3-BF4B-00C04F79EFBC}") = "Project", "Project.csproj", "{066A412D-DD8D-4546-BB1D-2D65DDA23660}"
EndProject
Global
	GlobalSection(SolutionConfigurationPlatforms) = preSolution
		Debug|Any CPU = Debug|Any CPU
		Release|Any CPU = Release|Any CPU
	EndGlobalSection
	GlobalSection(ProjectConfigurationPlatforms) = postSolution
		{066A412D-DD8D-4546-BB1D-2D65DDA23660}.Debug|Any CPU.ActiveCfg = Debug|Any CPU
		{066A412D-DD8D-4546-BB1D-2D65DDA23660}.Debug|Any CPU.Build.0 = Debug|Any CPU
		{066A412D-DD8D-4546-BB1D-2D65DDA23660}.Release|Any CPU.ActiveCfg = Release|Any CPU
		{066A412D-DD8D-4546-BB1D-2D65DDA23660}.Release|Any CPU.Build.0 = Release|Any CPU
	EndGlobalSection
	GlobalSection(SolutionProperties) = preSolution
		HideSolutionNode = FALSE
	EndGlobalSection
	GlobalSection(ExtensibilityGlobals) = postSolution
		SolutionGuid = {DAC53034-5939-4207-818A-3EAEE69DA097}
	EndGlobalSection
EndGlobal
